
Microsoft Visual Studio Solution File, Format Version 12.00
Project("{FAE04EC0-301F-11D3-BF4B-00C04F79EFBC}") = "ManchkinCore", "ManchkinCore\ManchkinCore.csproj", "{9EA5115B-A0EB-431F-A09C-BD31E294791B}"
EndProject
Project("{FAE04EC0-301F-11D3-BF4B-00C04F79EFBC}") = "ManchkinOriginalLogic", "ManchkinOriginalLogic\ManchkinOriginalLogic.csproj", "{27CCD048-35CB-4ED0-9DC5-216D70B0F22B}"
EndProject
Global
	GlobalSection(SolutionConfigurationPlatforms) = preSolution
		Debug|Any CPU = Debug|Any CPU
		Release|Any CPU = Release|Any CPU
	EndGlobalSection
	GlobalSection(ProjectConfigurationPlatforms) = postSolution
		{9EA5115B-A0EB-431F-A09C-BD31E294791B}.Debug|Any CPU.ActiveCfg = Debug|Any CPU
		{9EA5115B-A0EB-431F-A09C-BD31E294791B}.Debug|Any CPU.Build.0 = Debug|Any CPU
		{9EA5115B-A0EB-431F-A09C-BD31E294791B}.Release|Any CPU.ActiveCfg = Release|Any CPU
		{9EA5115B-A0EB-431F-A09C-BD31E294791B}.Release|Any CPU.Build.0 = Release|Any CPU
		{27CCD048-35CB-4ED0-9DC5-216D70B0F22B}.Debug|Any CPU.ActiveCfg = Debug|Any CPU
		{27CCD048-35CB-4ED0-9DC5-216D70B0F22B}.Debug|Any CPU.Build.0 = Debug|Any CPU
		{27CCD048-35CB-4ED0-9DC5-216D70B0F22B}.Release|Any CPU.ActiveCfg = Release|Any CPU
		{27CCD048-35CB-4ED0-9DC5-216D70B0F22B}.Release|Any CPU.Build.0 = Release|Any CPU
	EndGlobalSection
EndGlobal
