
Microsoft Visual Studio Solution File, Format Version 12.00
Project("{FAE04EC0-301F-11D3-BF4B-00C04F79EFBC}") = "ManchkinCore", "ManchkinCore\ManchkinCore.csproj", "{9EA5115B-A0EB-431F-A09C-BD31E294791B}"
EndProject
Project("{FAE04EC0-301F-11D3-BF4B-00C04F79EFBC}") = "ManchkinGame", "ManchkinGame\ManchkinGame.csproj", "{0B97FAA9-A0D4-43DE-97EE-ECCA3A219B61}"
EndProject
Project("{FAE04EC0-301F-11D3-BF4B-00C04F79EFBC}") = "ManchkinUI", "ManchkinUI\ManchkinUI.csproj", "{5D07DB34-B647-4BC6-9A89-927D6C9B9D35}"
EndProject
Global
	GlobalSection(SolutionConfigurationPlatforms) = preSolution
		Debug|Any CPU = Debug|Any CPU
		Release|Any CPU = Release|Any CPU
	EndGlobalSection
	GlobalSection(ProjectConfigurationPlatforms) = postSolution
		{9EA5115B-A0EB-431F-A09C-BD31E294791B}.Debug|Any CPU.ActiveCfg = Debug|Any CPU
		{9EA5115B-A0EB-431F-A09C-BD31E294791B}.Debug|Any CPU.Build.0 = Debug|Any CPU
		{9EA5115B-A0EB-431F-A09C-BD31E294791B}.Release|Any CPU.ActiveCfg = Release|Any CPU
		{9EA5115B-A0EB-431F-A09C-BD31E294791B}.Release|Any CPU.Build.0 = Release|Any CPU
		{0B97FAA9-A0D4-43DE-97EE-ECCA3A219B61}.Debug|Any CPU.ActiveCfg = Debug|Any CPU
		{0B97FAA9-A0D4-43DE-97EE-ECCA3A219B61}.Debug|Any CPU.Build.0 = Debug|Any CPU
		{0B97FAA9-A0D4-43DE-97EE-ECCA3A219B61}.Release|Any CPU.ActiveCfg = Release|Any CPU
		{0B97FAA9-A0D4-43DE-97EE-ECCA3A219B61}.Release|Any CPU.Build.0 = Release|Any CPU
		{5D07DB34-B647-4BC6-9A89-927D6C9B9D35}.Debug|Any CPU.ActiveCfg = Debug|Any CPU
		{5D07DB34-B647-4BC6-9A89-927D6C9B9D35}.Debug|Any CPU.Build.0 = Debug|Any CPU
		{5D07DB34-B647-4BC6-9A89-927D6C9B9D35}.Release|Any CPU.ActiveCfg = Release|Any CPU
		{5D07DB34-B647-4BC6-9A89-927D6C9B9D35}.Release|Any CPU.Build.0 = Release|Any CPU
	EndGlobalSection
EndGlobal
